{
  "name": "chat-realtime",
  "version": "1.0.0",
  "lockfileVersion": 1,
  "requires": true,
  "dependencies": {
    "@types/node": {
      "version": "10.0.6",
      "resolved": "https://registry.npmjs.org/@types/node/-/node-10.0.6.tgz",
      "integrity": "sha512-2whhQUfDHRBiZ3L54Ulyl1X+fZWbWabxPYRDAsibgOAtE6adwusD15Xv0Bw/D7cPah35Z/wKTdW3iAKsevw1uw=="
    }
  }
}
